
Microsoft Visual Studio Solution File, Format Version 12.00
Project("{FAE04EC0-301F-11D3-BF4B-00C04F79EFBC}") = "Statement", "src\Statement\Statement.csproj", "{01F1A419-CA87-4831-80C3-89261F301593}"
EndProject
Project("{FAE04EC0-301F-11D3-BF4B-00C04F79EFBC}") = "Employee", "src\Employee\Employee.csproj", "{F3C99928-AE2C-4A66-95CF-B001C939E42E}"
EndProject
Global
	GlobalSection(SolutionConfigurationPlatforms) = preSolution
		Debug|Any CPU = Debug|Any CPU
		Release|Any CPU = Release|Any CPU
	EndGlobalSection
	GlobalSection(ProjectConfigurationPlatforms) = postSolution
		{01F1A419-CA87-4831-80C3-89261F301593}.Debug|Any CPU.ActiveCfg = Debug|Any CPU
		{01F1A419-CA87-4831-80C3-89261F301593}.Debug|Any CPU.Build.0 = Debug|Any CPU
		{01F1A419-CA87-4831-80C3-89261F301593}.Release|Any CPU.ActiveCfg = Release|Any CPU
		{01F1A419-CA87-4831-80C3-89261F301593}.Release|Any CPU.Build.0 = Release|Any CPU
		{F3C99928-AE2C-4A66-95CF-B001C939E42E}.Debug|Any CPU.ActiveCfg = Debug|Any CPU
		{F3C99928-AE2C-4A66-95CF-B001C939E42E}.Debug|Any CPU.Build.0 = Debug|Any CPU
		{F3C99928-AE2C-4A66-95CF-B001C939E42E}.Release|Any CPU.ActiveCfg = Release|Any CPU
		{F3C99928-AE2C-4A66-95CF-B001C939E42E}.Release|Any CPU.Build.0 = Release|Any CPU
	EndGlobalSection
	GlobalSection(NestedProjects) = preSolution
	EndGlobalSection
EndGlobal
